
Microsoft Visual Studio Solution File, Format Version 12.00
# Visual Studio 15
VisualStudioVersion = 15.0.28010.2036
MinimumVisualStudioVersion = 10.0.40219.1
Project("{FAE04EC0-301F-11D3-BF4B-00C04F79EFBC}") = "RPG game", "RPG game\RPG game.csproj", "{1C817899-3A50-4C8D-A600-A791EA1FEBE6}"
EndProject
Project("{FAE04EC0-301F-11D3-BF4B-00C04F79EFBC}") = "Engine", "..\Engine\Engine\Engine.csproj", "{B6BC2079-A2FF-42A5-8961-8B4A8F5C5BED}"
EndProject
Global
	GlobalSection(SolutionConfigurationPlatforms) = preSolution
		Debug|Any CPU = Debug|Any CPU
		Release|Any CPU = Release|Any CPU
	EndGlobalSection
	GlobalSection(ProjectConfigurationPlatforms) = postSolution
		{1C817899-3A50-4C8D-A600-A791EA1FEBE6}.Debug|Any CPU.ActiveCfg = Debug|Any CPU
		{1C817899-3A50-4C8D-A600-A791EA1FEBE6}.Debug|Any CPU.Build.0 = Debug|Any CPU
		{1C817899-3A50-4C8D-A600-A791EA1FEBE6}.Release|Any CPU.ActiveCfg = Release|Any CPU
		{1C817899-3A50-4C8D-A600-A791EA1FEBE6}.Release|Any CPU.Build.0 = Release|Any CPU
		{B6BC2079-A2FF-42A5-8961-8B4A8F5C5BED}.Debug|Any CPU.ActiveCfg = Debug|Any CPU
		{B6BC2079-A2FF-42A5-8961-8B4A8F5C5BED}.Debug|Any CPU.Build.0 = Debug|Any CPU
		{B6BC2079-A2FF-42A5-8961-8B4A8F5C5BED}.Release|Any CPU.ActiveCfg = Release|Any CPU
		{B6BC2079-A2FF-42A5-8961-8B4A8F5C5BED}.Release|Any CPU.Build.0 = Release|Any CPU
	EndGlobalSection
	GlobalSection(SolutionProperties) = preSolution
		HideSolutionNode = FALSE
	EndGlobalSection
	GlobalSection(ExtensibilityGlobals) = postSolution
		SolutionGuid = {FB7D2138-4EF4-4FC8-A0BF-68ABC275EF0F}
	EndGlobalSection
EndGlobal
